
Microsoft Visual Studio Solution File, Format Version 12.00
# Visual Studio Version 17
VisualStudioVersion = 17.2.32630.192
MinimumVisualStudioVersion = 10.0.40219.1
Project("{9A19103F-16F7-4668-BE54-9A1E7A4F7556}") = "R5T.L0073.Construction", "R5T.L0073.Construction\R5T.L0073.Construction.csproj", "{48F0565D-7B4F-46C5-B2E6-AA790D1BB024}"
EndProject
Project("{9A19103F-16F7-4668-BE54-9A1E7A4F7556}") = "R5T.L0073", "R5T.L0073\R5T.L0073.csproj", "{028554D0-16C4-45A0-86C1-CF1AA0C20406}"
EndProject
Project("{2150E333-8FDC-42A3-9474-1A3956D46DE8}") = "_Dependencies", "_Dependencies", "{625CEB46-DF8E-4AB1-8CBE-A9D8576C0F0A}"
EndProject
Project("{9A19103F-16F7-4668-BE54-9A1E7A4F7556}") = "R5T.NG0019", "..\..\R5T.NG0019\source\R5T.NG0019\R5T.NG0019.csproj", "{6B8788AC-1951-44EA-BDA8-F6DC93419FBF}"
EndProject
Project("{9A19103F-16F7-4668-BE54-9A1E7A4F7556}") = "R5T.L0073.F000", "R5T.L0073.F000\R5T.L0073.F000.csproj", "{93E28DC3-3A6F-4F34-B98D-D33A898375F9}"
EndProject
Project("{9A19103F-16F7-4668-BE54-9A1E7A4F7556}") = "R5T.F0000", "..\..\R5T.F0000\source\R5T.F0000\R5T.F0000.csproj", "{7EF90FE7-DD31-4166-A76E-8BFFDF87E574}"
EndProject
Project("{9A19103F-16F7-4668-BE54-9A1E7A4F7556}") = "R5T.F0002", "..\..\R5T.F0002\source\R5T.F0002\R5T.F0002.csproj", "{EDC0690E-1E5A-4DF3-9304-C38191959A91}"
EndProject
Project("{9A19103F-16F7-4668-BE54-9A1E7A4F7556}") = "R5T.F0059", "..\..\R5T.F0059\source\R5T.F0059\R5T.F0059.csproj", "{087DA89E-CE5D-4E03-8746-92DF1164C052}"
EndProject
Project("{9A19103F-16F7-4668-BE54-9A1E7A4F7556}") = "R5T.F0120", "..\..\R5T.F0120\source\R5T.F0120\R5T.F0120.csproj", "{F6E044FB-3EFD-4E84-88D6-72D499083B83}"
EndProject
Project("{9A19103F-16F7-4668-BE54-9A1E7A4F7556}") = "R5T.F0124", "..\..\R5T.F0124\source\R5T.F0124\R5T.F0124.csproj", "{627AAB3E-9D19-4141-B364-4B1F6E67DE98}"
EndProject
Project("{9A19103F-16F7-4668-BE54-9A1E7A4F7556}") = "R5T.F0125", "..\..\R5T.F0125\source\R5T.F0125\R5T.F0125.csproj", "{C1D68886-4983-488D-84B1-06557476C124}"
EndProject
Project("{9A19103F-16F7-4668-BE54-9A1E7A4F7556}") = "R5T.L0030.T000", "..\..\R5T.L0030\source\R5T.L0030.T000\R5T.L0030.T000.csproj", "{A8782166-78B8-4A4C-9D58-77891B0672A6}"
EndProject
Project("{9A19103F-16F7-4668-BE54-9A1E7A4F7556}") = "R5T.L0030", "..\..\R5T.L0030\source\R5T.L0030\R5T.L0030.csproj", "{03279070-736D-469B-B4DF-2C3341EC9B07}"
EndProject
Project("{9A19103F-16F7-4668-BE54-9A1E7A4F7556}") = "R5T.L0034", "..\..\R5T.L0034\source\R5T.L0034\R5T.L0034.csproj", "{A729F155-3832-4878-9427-49EA6DD721A2}"
EndProject
Project("{9A19103F-16F7-4668-BE54-9A1E7A4F7556}") = "R5T.L0035", "..\..\R5T.L0035\source\R5T.L0035\R5T.L0035.csproj", "{26B2D0CD-66F6-4AD4-A110-782C46444BD9}"
EndProject
Project("{9A19103F-16F7-4668-BE54-9A1E7A4F7556}") = "R5T.L0053", "..\..\R5T.L0053\source\R5T.L0053\R5T.L0053.csproj", "{49F68D0A-1C53-4BEF-8F34-12824C27F700}"
EndProject
Project("{9A19103F-16F7-4668-BE54-9A1E7A4F7556}") = "R5T.L0056", "..\..\R5T.L0056\source\R5T.L0056\R5T.L0056.csproj", "{979FB69B-2A4B-432A-82F5-9DE04FAD3A24}"
EndProject
Project("{9A19103F-16F7-4668-BE54-9A1E7A4F7556}") = "R5T.L0066", "..\..\R5T.L0066\source\R5T.L0066\R5T.L0066.csproj", "{E4C2ED5B-90CD-4FAD-B638-D1D2B9328190}"
EndProject
Project("{9A19103F-16F7-4668-BE54-9A1E7A4F7556}") = "R5T.L0071", "..\..\R5T.L0071\source\R5T.L0071\R5T.L0071.csproj", "{C10B290C-A0CB-4982-9C71-FA090B7D7AF1}"
EndProject
Project("{9A19103F-16F7-4668-BE54-9A1E7A4F7556}") = "R5T.NG0006", "..\..\R5T.NG0006\source\R5T.NG0006\R5T.NG0006.csproj", "{A8B72000-1172-420A-846E-BEB026966150}"
EndProject
Project("{9A19103F-16F7-4668-BE54-9A1E7A4F7556}") = "R5T.NG0022", "..\..\R5T.NG0022\source\R5T.NG0022\R5T.NG0022.csproj", "{27F4BB86-5109-4D56-AC70-368616D5E305}"
EndProject
Project("{9A19103F-16F7-4668-BE54-9A1E7A4F7556}") = "R5T.T0131", "..\..\R5T.T0131\source\R5T.T0131\R5T.T0131.csproj", "{1188298C-881E-4638-AF16-9BC2A3805D6D}"
EndProject
Project("{9A19103F-16F7-4668-BE54-9A1E7A4F7556}") = "R5T.T0132", "..\..\R5T.T0132\source\R5T.T0132\R5T.T0132.csproj", "{F8E13E44-B79F-4150-811E-BC9325C7A51F}"
EndProject
Project("{9A19103F-16F7-4668-BE54-9A1E7A4F7556}") = "R5T.T0142", "..\..\R5T.T0142\source\R5T.T0142\R5T.T0142.csproj", "{6D372158-978F-492E-BE78-DF060EA62697}"
EndProject
Project("{9A19103F-16F7-4668-BE54-9A1E7A4F7556}") = "R5T.T0143", "..\..\R5T.T0143\source\R5T.T0143\R5T.T0143.csproj", "{54BFADA2-3D7D-4391-881C-EB359ACB9784}"
EndProject
Project("{9A19103F-16F7-4668-BE54-9A1E7A4F7556}") = "R5T.T0150", "..\..\R5T.T0150\source\R5T.T0150\R5T.T0150.csproj", "{D2F10B8C-9135-4E2F-897C-537164A6FE24}"
EndProject
Project("{9A19103F-16F7-4668-BE54-9A1E7A4F7556}") = "R5T.T0151", "..\..\R5T.T0151\source\R5T.T0151\R5T.T0151.csproj", "{2C37A3F0-BD97-4653-B3F8-B80AABD26150}"
EndProject
Project("{9A19103F-16F7-4668-BE54-9A1E7A4F7556}") = "R5T.T0156", "..\..\R5T.T0156\source\R5T.T0156\R5T.T0156.csproj", "{BB416E22-DC35-4681-B857-162972A1A905}"
EndProject
Project("{9A19103F-16F7-4668-BE54-9A1E7A4F7556}") = "R5T.T0158", "..\..\R5T.T0158\source\R5T.T0158\R5T.T0158.csproj", "{0F7B48C0-4187-475E-A99E-B2E844EB587E}"
EndProject
Project("{9A19103F-16F7-4668-BE54-9A1E7A4F7556}") = "R5T.T0159", "..\..\R5T.T0159\source\R5T.T0159\R5T.T0159.csproj", "{C7399CB6-E88F-45CB-A60F-C23361C7C1E7}"
EndProject
Project("{9A19103F-16F7-4668-BE54-9A1E7A4F7556}") = "R5T.T0172", "..\..\R5T.T0172\source\R5T.T0172\R5T.T0172.csproj", "{DF6F8F0B-A6B6-4953-ADAD-BFDA621CBDD0}"
EndProject
Project("{9A19103F-16F7-4668-BE54-9A1E7A4F7556}") = "R5T.T0174", "..\..\R5T.T0174\source\R5T.T0174\R5T.T0174.csproj", "{AC399E97-7805-4222-B16F-051411BB3B06}"
EndProject
Project("{9A19103F-16F7-4668-BE54-9A1E7A4F7556}") = "R5T.T0176", "..\..\R5T.T0176\source\R5T.T0176\R5T.T0176.csproj", "{B79934AC-1756-45A2-AACC-E2C7679663B2}"
EndProject
Project("{9A19103F-16F7-4668-BE54-9A1E7A4F7556}") = "R5T.T0177", "..\..\R5T.T0177\source\R5T.T0177\R5T.T0177.csproj", "{727984AE-5958-499F-8328-A5B27B54C4F9}"
EndProject
Project("{9A19103F-16F7-4668-BE54-9A1E7A4F7556}") = "R5T.T0178", "..\..\R5T.T0178\source\R5T.T0178\R5T.T0178.csproj", "{72D619EC-4C49-4E32-A2A9-CA0B4C2E69E3}"
EndProject
Project("{9A19103F-16F7-4668-BE54-9A1E7A4F7556}") = "R5T.T0179", "..\..\R5T.T0179\source\R5T.T0179\R5T.T0179.csproj", "{F92AFFFF-1A99-4A1F-B812-CC91C4E72218}"
EndProject
Project("{9A19103F-16F7-4668-BE54-9A1E7A4F7556}") = "R5T.T0180", "..\..\R5T.T0180\source\R5T.T0180\R5T.T0180.csproj", "{A7EFB503-9D70-4542-BCDD-8694D351B2C0}"
EndProject
Project("{9A19103F-16F7-4668-BE54-9A1E7A4F7556}") = "R5T.T0181", "..\..\R5T.T0181\source\R5T.T0181\R5T.T0181.csproj", "{13C83BC8-DAFB-469F-83C8-5D325BABCBAF}"
EndProject
Project("{9A19103F-16F7-4668-BE54-9A1E7A4F7556}") = "R5T.T0185", "..\..\R5T.T0185\source\R5T.T0185\R5T.T0185.csproj", "{D44A1156-59BF-4415-9BEC-00CFC67481F9}"
EndProject
Project("{9A19103F-16F7-4668-BE54-9A1E7A4F7556}") = "R5T.T0199.T000", "..\..\R5T.T0199\source\R5T.T0199.T000\R5T.T0199.T000.csproj", "{CD58F020-E4D3-4F26-BF00-C7CF9AB81510}"
EndProject
Project("{9A19103F-16F7-4668-BE54-9A1E7A4F7556}") = "R5T.T0199.T001", "..\..\R5T.T0199\source\R5T.T0199.T001\R5T.T0199.T001.csproj", "{01725E37-C4E0-46E2-ADD7-3A98950DC04A}"
EndProject
Project("{9A19103F-16F7-4668-BE54-9A1E7A4F7556}") = "R5T.T0199", "..\..\R5T.T0199\source\R5T.T0199\R5T.T0199.csproj", "{D95ACC23-2A07-468A-8CD9-AD271A286751}"
EndProject
Project("{9A19103F-16F7-4668-BE54-9A1E7A4F7556}") = "R5T.T0203", "..\..\R5T.T0203\source\R5T.T0203\R5T.T0203.csproj", "{572FB12A-F46B-42DD-B828-AD8B0B6240ED}"
EndProject
Project("{9A19103F-16F7-4668-BE54-9A1E7A4F7556}") = "R5T.T0213", "..\..\R5T.T0213\source\R5T.T0213\R5T.T0213.csproj", "{36AD3106-ECC4-4674-88EA-B15FE26B420C}"
EndProject
Project("{9A19103F-16F7-4668-BE54-9A1E7A4F7556}") = "R5T.T0218", "..\..\R5T.T0218\source\R5T.T0218\R5T.T0218.csproj", "{3D95F7B9-1802-4540-AE81-440C52252374}"
EndProject
Project("{9A19103F-16F7-4668-BE54-9A1E7A4F7556}") = "R5T.T0219", "..\..\R5T.T0219\source\R5T.T0219\R5T.T0219.csproj", "{52F0583A-A4E9-414A-8F30-5AEC954831B6}"
EndProject
Project("{9A19103F-16F7-4668-BE54-9A1E7A4F7556}") = "R5T.T0220", "..\..\R5T.T0220\source\R5T.T0220\R5T.T0220.csproj", "{A7C58FFB-33A6-4843-8063-7FAB631EA732}"
EndProject
Project("{9A19103F-16F7-4668-BE54-9A1E7A4F7556}") = "R5T.T0221", "..\..\R5T.T0221\source\R5T.T0221\R5T.T0221.csproj", "{B2A4ECCC-BDF0-4CA4-813C-0265D4F1E91F}"
EndProject
Project("{9A19103F-16F7-4668-BE54-9A1E7A4F7556}") = "R5T.T0227", "..\..\R5T.T0227\source\R5T.T0227\R5T.T0227.csproj", "{4698C5BC-EB61-4D5C-A6C3-08E1014F2E28}"
EndProject
Project("{9A19103F-16F7-4668-BE54-9A1E7A4F7556}") = "R5T.Y0000", "..\..\R5T.Y0000\source\R5T.Y0000\R5T.Y0000.csproj", "{40BB432D-433B-4DFE-B17D-5215AA5DC328}"
EndProject
Project("{9A19103F-16F7-4668-BE54-9A1E7A4F7556}") = "R5T.Y0006", "..\..\R5T.Y0006\source\R5T.Y0006\R5T.Y0006.csproj", "{AEB0AEFF-3AA1-4731-8855-E71B05E17BD9}"
EndProject
Project("{9A19103F-16F7-4668-BE54-9A1E7A4F7556}") = "R5T.Z0000", "..\..\R5T.Z0000\source\R5T.Z0000\R5T.Z0000.csproj", "{314F6CD3-326B-4F80-990B-AF2F79CC91F6}"
EndProject
Project("{9A19103F-16F7-4668-BE54-9A1E7A4F7556}") = "R5T.Z0010.Platform", "..\..\R5T.Z0010\source\R5T.Z0010.Platform\R5T.Z0010.Platform.csproj", "{BAB5C038-97F1-4704-8375-3C3DBD7CA128}"
EndProject
Project("{9A19103F-16F7-4668-BE54-9A1E7A4F7556}") = "R5T.Z0010", "..\..\R5T.Z0010\source\R5T.Z0010\R5T.Z0010.csproj", "{DBE225A1-5E99-468C-B5C7-45DBBAC523C3}"
EndProject
Project("{9A19103F-16F7-4668-BE54-9A1E7A4F7556}") = "R5T.Z0057.Platform", "..\..\R5T.Z0057\source\R5T.Z0057.Platform\R5T.Z0057.Platform.csproj", "{C32798D9-CCC5-46EB-90C6-C74F312E531F}"
EndProject
Project("{9A19103F-16F7-4668-BE54-9A1E7A4F7556}") = "R5T.Z0057", "..\..\R5T.Z0057\source\R5T.Z0057\R5T.Z0057.csproj", "{76524A81-C674-4C27-BA7C-E2270E371810}"
EndProject
Project("{9A19103F-16F7-4668-BE54-9A1E7A4F7556}") = "R5T.Z0058", "..\..\R5T.Z0058\source\R5T.Z0058\R5T.Z0058.csproj", "{7E81FA61-5542-40A0-99E1-F7546DE8B77D}"
EndProject
Project("{9A19103F-16F7-4668-BE54-9A1E7A4F7556}") = "R5T.L0073.F001", "R5T.L0073.F001\R5T.L0073.F001.csproj", "{9ADEB47D-0AC8-4909-84A5-3D480F85D55F}"
EndProject
Project("{9A19103F-16F7-4668-BE54-9A1E7A4F7556}") = "R5T.L0074", "..\..\R5T.L0074\source\R5T.L0074\R5T.L0074.csproj", "{2416990B-A095-42A0-987A-0F91A6ABFF38}"
EndProject
Project("{9A19103F-16F7-4668-BE54-9A1E7A4F7556}") = "R5T.L0073.Y000", "R5T.L0073.Y000\R5T.L0073.Y000.csproj", "{BD00F8CF-3A41-4F39-9AE5-971E605B98AD}"
EndProject
Project("{9A19103F-16F7-4668-BE54-9A1E7A4F7556}") = "R5T.L0073.Z001", "R5T.L0073.Z001\R5T.L0073.Z001.csproj", "{D5B6BC92-0E60-4FF7-9C53-B20F82F0991F}"
EndProject
Project("{9A19103F-16F7-4668-BE54-9A1E7A4F7556}") = "R5T.Z0064.Z000", "..\..\R5T.Z0064\source\R5T.Z0064.Z000\R5T.Z0064.Z000.csproj", "{47FCC440-90EE-4289-B2EE-7CCF3ACD60B2}"
EndProject
Project("{9A19103F-16F7-4668-BE54-9A1E7A4F7556}") = "R5T.L0073.O001", "R5T.L0073.O001\R5T.L0073.O001.csproj", "{796FCC2D-9E07-46C9-97DA-C3F000272479}"
EndProject
Project("{9A19103F-16F7-4668-BE54-9A1E7A4F7556}") = "R5T.L0073.T001", "R5T.L0073.T001\R5T.L0073.T001.csproj", "{06C6E937-100B-41B5-BB31-7F82299044B5}"
EndProject
Project("{9A19103F-16F7-4668-BE54-9A1E7A4F7556}") = "R5T.L0073.T002", "R5T.L0073.T002\R5T.L0073.T002.csproj", "{936C0A72-BE6D-439A-936E-3012EF45DBC8}"
EndProject
Project("{9A19103F-16F7-4668-BE54-9A1E7A4F7556}") = "R5T.L0073.O002", "R5T.L0073.O002\R5T.L0073.O002.csproj", "{0947384E-EF9C-4F8E-AD56-B8345BDFC5A0}"
EndProject
Project("{9A19103F-16F7-4668-BE54-9A1E7A4F7556}") = "R5T.T0137", "..\..\R5T.T0137\source\R5T.T0137\R5T.T0137.csproj", "{95FA018E-2C87-46CF-A407-06F6B263CD8B}"
EndProject
Project("{9A19103F-16F7-4668-BE54-9A1E7A4F7556}") = "R5T.L0073.Z002", "R5T.L0073.Z002\R5T.L0073.Z002.csproj", "{B54585AB-5709-4C1D-B959-9653FAF3157F}"
EndProject
Project("{9A19103F-16F7-4668-BE54-9A1E7A4F7556}") = "R5T.L0073.F002", "R5T.L0073.F002\R5T.L0073.F002.csproj", "{F6A26887-D5BF-49F5-A2AA-EE8AB6A29DCA}"
EndProject
Project("{9A19103F-16F7-4668-BE54-9A1E7A4F7556}") = "R5T.T0240", "..\..\R5T.T0240\source\R5T.T0240\R5T.T0240.csproj", "{7247AE3C-5866-455D-A626-ABCFA3CFA665}"
EndProject
Project("{9A19103F-16F7-4668-BE54-9A1E7A4F7556}") = "R5T.L0073.T003", "R5T.L0073.T003\R5T.L0073.T003.csproj", "{37678766-4662-4B75-B140-992BC647F60F}"
EndProject
Project("{9A19103F-16F7-4668-BE54-9A1E7A4F7556}") = "R5T.L0089.F000", "..\..\R5T.L0089\source\R5T.L0089.F000\R5T.L0089.F000.csproj", "{54CBD658-09A5-42A5-8251-E4DC86CC5913}"
EndProject
Project("{9A19103F-16F7-4668-BE54-9A1E7A4F7556}") = "R5T.L0089.T000", "..\..\R5T.L0089\source\R5T.L0089.T000\R5T.L0089.T000.csproj", "{99B9E248-F16F-4BE7-939A-CB8C04C09CAB}"
EndProject
Project("{9A19103F-16F7-4668-BE54-9A1E7A4F7556}") = "R5T.L0089", "..\..\R5T.L0089\source\R5T.L0089\R5T.L0089.csproj", "{B9CFD23B-2346-4A02-B1D2-C9CE6A8CD80A}"
EndProject
Project("{9A19103F-16F7-4668-BE54-9A1E7A4F7556}") = "R5T.L0093.T000", "..\..\R5T.L0093\source\R5T.L0093.T000\R5T.L0093.T000.csproj", "{0079A5BE-38A1-4E4C-AB94-56D28A7CF483}"
EndProject
Project("{9A19103F-16F7-4668-BE54-9A1E7A4F7556}") = "R5T.L0073.O003", "R5T.L0073.O003\R5T.L0073.O003.csproj", "{AC496F1D-2AD4-4597-823B-66237D3B7F20}"
EndProject
Project("{9A19103F-16F7-4668-BE54-9A1E7A4F7556}") = "R5T.T0241", "..\..\R5T.T0241\source\R5T.T0241\R5T.T0241.csproj", "{C07868B4-F1FB-412D-9036-B4F65EAD3AAB}"
EndProject
Project("{9A19103F-16F7-4668-BE54-9A1E7A4F7556}") = "R5T.L0091.T000", "..\..\R5T.L0091\source\R5T.L0091.T000\R5T.L0091.T000.csproj", "{73263FC7-8649-4133-BF08-C5FD8183ADAD}"
EndProject
Project("{9A19103F-16F7-4668-BE54-9A1E7A4F7556}") = "R5T.L0092.T001", "..\..\R5T.L0092\source\R5T.L0092.T001\R5T.L0092.T001.csproj", "{50E61075-A908-4A65-95C9-D4DC585EFA20}"
EndProject
Project("{9A19103F-16F7-4668-BE54-9A1E7A4F7556}") = "R5T.T0244", "..\..\R5T.T0244\source\R5T.T0244\R5T.T0244.csproj", "{E0836BE9-46F8-4D8F-9D55-A849DF29A8EE}"
EndProject
Project("{9A19103F-16F7-4668-BE54-9A1E7A4F7556}") = "R5T.L0073.T004", "R5T.L0073.T004\R5T.L0073.T004.csproj", "{3BCF86EA-02DE-43CA-92F3-3096D7F4E679}"
EndProject
Project("{9A19103F-16F7-4668-BE54-9A1E7A4F7556}") = "R5T.L0073.O004", "R5T.L0073.O004\R5T.L0073.O004.csproj", "{17F7A8A1-B904-4C19-A4F4-C433E42C529E}"
EndProject
Global
	GlobalSection(NestedProjects) = preSolution
		{6B8788AC-1951-44EA-BDA8-F6DC93419FBF} = {625CEB46-DF8E-4AB1-8CBE-A9D8576C0F0A}
		{7EF90FE7-DD31-4166-A76E-8BFFDF87E574} = {625CEB46-DF8E-4AB1-8CBE-A9D8576C0F0A}
		{EDC0690E-1E5A-4DF3-9304-C38191959A91} = {625CEB46-DF8E-4AB1-8CBE-A9D8576C0F0A}
		{087DA89E-CE5D-4E03-8746-92DF1164C052} = {625CEB46-DF8E-4AB1-8CBE-A9D8576C0F0A}
		{F6E044FB-3EFD-4E84-88D6-72D499083B83} = {625CEB46-DF8E-4AB1-8CBE-A9D8576C0F0A}
		{627AAB3E-9D19-4141-B364-4B1F6E67DE98} = {625CEB46-DF8E-4AB1-8CBE-A9D8576C0F0A}
		{C1D68886-4983-488D-84B1-06557476C124} = {625CEB46-DF8E-4AB1-8CBE-A9D8576C0F0A}
		{A8782166-78B8-4A4C-9D58-77891B0672A6} = {625CEB46-DF8E-4AB1-8CBE-A9D8576C0F0A}
		{03279070-736D-469B-B4DF-2C3341EC9B07} = {625CEB46-DF8E-4AB1-8CBE-A9D8576C0F0A}
		{A729F155-3832-4878-9427-49EA6DD721A2} = {625CEB46-DF8E-4AB1-8CBE-A9D8576C0F0A}
		{26B2D0CD-66F6-4AD4-A110-782C46444BD9} = {625CEB46-DF8E-4AB1-8CBE-A9D8576C0F0A}
		{49F68D0A-1C53-4BEF-8F34-12824C27F700} = {625CEB46-DF8E-4AB1-8CBE-A9D8576C0F0A}
		{979FB69B-2A4B-432A-82F5-9DE04FAD3A24} = {625CEB46-DF8E-4AB1-8CBE-A9D8576C0F0A}
		{E4C2ED5B-90CD-4FAD-B638-D1D2B9328190} = {625CEB46-DF8E-4AB1-8CBE-A9D8576C0F0A}
		{C10B290C-A0CB-4982-9C71-FA090B7D7AF1} = {625CEB46-DF8E-4AB1-8CBE-A9D8576C0F0A}
		{A8B72000-1172-420A-846E-BEB026966150} = {625CEB46-DF8E-4AB1-8CBE-A9D8576C0F0A}
		{27F4BB86-5109-4D56-AC70-368616D5E305} = {625CEB46-DF8E-4AB1-8CBE-A9D8576C0F0A}
		{1188298C-881E-4638-AF16-9BC2A3805D6D} = {625CEB46-DF8E-4AB1-8CBE-A9D8576C0F0A}
		{F8E13E44-B79F-4150-811E-BC9325C7A51F} = {625CEB46-DF8E-4AB1-8CBE-A9D8576C0F0A}
		{6D372158-978F-492E-BE78-DF060EA62697} = {625CEB46-DF8E-4AB1-8CBE-A9D8576C0F0A}
		{54BFADA2-3D7D-4391-881C-EB359ACB9784} = {625CEB46-DF8E-4AB1-8CBE-A9D8576C0F0A}
		{D2F10B8C-9135-4E2F-897C-537164A6FE24} = {625CEB46-DF8E-4AB1-8CBE-A9D8576C0F0A}
		{2C37A3F0-BD97-4653-B3F8-B80AABD26150} = {625CEB46-DF8E-4AB1-8CBE-A9D8576C0F0A}
		{BB416E22-DC35-4681-B857-162972A1A905} = {625CEB46-DF8E-4AB1-8CBE-A9D8576C0F0A}
		{0F7B48C0-4187-475E-A99E-B2E844EB587E} = {625CEB46-DF8E-4AB1-8CBE-A9D8576C0F0A}
		{C7399CB6-E88F-45CB-A60F-C23361C7C1E7} = {625CEB46-DF8E-4AB1-8CBE-A9D8576C0F0A}
		{DF6F8F0B-A6B6-4953-ADAD-BFDA621CBDD0} = {625CEB46-DF8E-4AB1-8CBE-A9D8576C0F0A}
		{AC399E97-7805-4222-B16F-051411BB3B06} = {625CEB46-DF8E-4AB1-8CBE-A9D8576C0F0A}
		{B79934AC-1756-45A2-AACC-E2C7679663B2} = {625CEB46-DF8E-4AB1-8CBE-A9D8576C0F0A}
		{727984AE-5958-499F-8328-A5B27B54C4F9} = {625CEB46-DF8E-4AB1-8CBE-A9D8576C0F0A}
		{72D619EC-4C49-4E32-A2A9-CA0B4C2E69E3} = {625CEB46-DF8E-4AB1-8CBE-A9D8576C0F0A}
		{F92AFFFF-1A99-4A1F-B812-CC91C4E72218} = {625CEB46-DF8E-4AB1-8CBE-A9D8576C0F0A}
		{A7EFB503-9D70-4542-BCDD-8694D351B2C0} = {625CEB46-DF8E-4AB1-8CBE-A9D8576C0F0A}
		{13C83BC8-DAFB-469F-83C8-5D325BABCBAF} = {625CEB46-DF8E-4AB1-8CBE-A9D8576C0F0A}
		{D44A1156-59BF-4415-9BEC-00CFC67481F9} = {625CEB46-DF8E-4AB1-8CBE-A9D8576C0F0A}
		{CD58F020-E4D3-4F26-BF00-C7CF9AB81510} = {625CEB46-DF8E-4AB1-8CBE-A9D8576C0F0A}
		{01725E37-C4E0-46E2-ADD7-3A98950DC04A} = {625CEB46-DF8E-4AB1-8CBE-A9D8576C0F0A}
		{D95ACC23-2A07-468A-8CD9-AD271A286751} = {625CEB46-DF8E-4AB1-8CBE-A9D8576C0F0A}
		{572FB12A-F46B-42DD-B828-AD8B0B6240ED} = {625CEB46-DF8E-4AB1-8CBE-A9D8576C0F0A}
		{36AD3106-ECC4-4674-88EA-B15FE26B420C} = {625CEB46-DF8E-4AB1-8CBE-A9D8576C0F0A}
		{3D95F7B9-1802-4540-AE81-440C52252374} = {625CEB46-DF8E-4AB1-8CBE-A9D8576C0F0A}
		{52F0583A-A4E9-414A-8F30-5AEC954831B6} = {625CEB46-DF8E-4AB1-8CBE-A9D8576C0F0A}
		{A7C58FFB-33A6-4843-8063-7FAB631EA732} = {625CEB46-DF8E-4AB1-8CBE-A9D8576C0F0A}
		{B2A4ECCC-BDF0-4CA4-813C-0265D4F1E91F} = {625CEB46-DF8E-4AB1-8CBE-A9D8576C0F0A}
		{4698C5BC-EB61-4D5C-A6C3-08E1014F2E28} = {625CEB46-DF8E-4AB1-8CBE-A9D8576C0F0A}
		{40BB432D-433B-4DFE-B17D-5215AA5DC328} = {625CEB46-DF8E-4AB1-8CBE-A9D8576C0F0A}
		{AEB0AEFF-3AA1-4731-8855-E71B05E17BD9} = {625CEB46-DF8E-4AB1-8CBE-A9D8576C0F0A}
		{314F6CD3-326B-4F80-990B-AF2F79CC91F6} = {625CEB46-DF8E-4AB1-8CBE-A9D8576C0F0A}
		{BAB5C038-97F1-4704-8375-3C3DBD7CA128} = {625CEB46-DF8E-4AB1-8CBE-A9D8576C0F0A}
		{DBE225A1-5E99-468C-B5C7-45DBBAC523C3} = {625CEB46-DF8E-4AB1-8CBE-A9D8576C0F0A}
		{C32798D9-CCC5-46EB-90C6-C74F312E531F} = {625CEB46-DF8E-4AB1-8CBE-A9D8576C0F0A}
		{76524A81-C674-4C27-BA7C-E2270E371810} = {625CEB46-DF8E-4AB1-8CBE-A9D8576C0F0A}
		{7E81FA61-5542-40A0-99E1-F7546DE8B77D} = {625CEB46-DF8E-4AB1-8CBE-A9D8576C0F0A}
		{2416990B-A095-42A0-987A-0F91A6ABFF38} = {625CEB46-DF8E-4AB1-8CBE-A9D8576C0F0A}
		{47FCC440-90EE-4289-B2EE-7CCF3ACD60B2} = {625CEB46-DF8E-4AB1-8CBE-A9D8576C0F0A}
		{95FA018E-2C87-46CF-A407-06F6B263CD8B} = {625CEB46-DF8E-4AB1-8CBE-A9D8576C0F0A}
		{7247AE3C-5866-455D-A626-ABCFA3CFA665} = {625CEB46-DF8E-4AB1-8CBE-A9D8576C0F0A}
		{54CBD658-09A5-42A5-8251-E4DC86CC5913} = {625CEB46-DF8E-4AB1-8CBE-A9D8576C0F0A}
		{99B9E248-F16F-4BE7-939A-CB8C04C09CAB} = {625CEB46-DF8E-4AB1-8CBE-A9D8576C0F0A}
		{B9CFD23B-2346-4A02-B1D2-C9CE6A8CD80A} = {625CEB46-DF8E-4AB1-8CBE-A9D8576C0F0A}
		{0079A5BE-38A1-4E4C-AB94-56D28A7CF483} = {625CEB46-DF8E-4AB1-8CBE-A9D8576C0F0A}
		{C07868B4-F1FB-412D-9036-B4F65EAD3AAB} = {625CEB46-DF8E-4AB1-8CBE-A9D8576C0F0A}
		{73263FC7-8649-4133-BF08-C5FD8183ADAD} = {625CEB46-DF8E-4AB1-8CBE-A9D8576C0F0A}
		{50E61075-A908-4A65-95C9-D4DC585EFA20} = {625CEB46-DF8E-4AB1-8CBE-A9D8576C0F0A}
		{E0836BE9-46F8-4D8F-9D55-A849DF29A8EE} = {625CEB46-DF8E-4AB1-8CBE-A9D8576C0F0A}
	EndGlobalSection
	GlobalSection(SolutionConfigurationPlatforms) = preSolution
		Debug|Any CPU = Debug|Any CPU
		Release|Any CPU = Release|Any CPU
	EndGlobalSection
	GlobalSection(ProjectConfigurationPlatforms) = postSolution
		{48F0565D-7B4F-46C5-B2E6-AA790D1BB024}.Debug|Any CPU.ActiveCfg = Debug|Any CPU
		{48F0565D-7B4F-46C5-B2E6-AA790D1BB024}.Debug|Any CPU.Build.0 = Debug|Any CPU
		{48F0565D-7B4F-46C5-B2E6-AA790D1BB024}.Release|Any CPU.ActiveCfg = Release|Any CPU
		{48F0565D-7B4F-46C5-B2E6-AA790D1BB024}.Release|Any CPU.Build.0 = Release|Any CPU
		{028554D0-16C4-45A0-86C1-CF1AA0C20406}.Debug|Any CPU.ActiveCfg = Debug|Any CPU
		{028554D0-16C4-45A0-86C1-CF1AA0C20406}.Debug|Any CPU.Build.0 = Debug|Any CPU
		{028554D0-16C4-45A0-86C1-CF1AA0C20406}.Release|Any CPU.ActiveCfg = Release|Any CPU
		{028554D0-16C4-45A0-86C1-CF1AA0C20406}.Release|Any CPU.Build.0 = Release|Any CPU
		{6B8788AC-1951-44EA-BDA8-F6DC93419FBF}.Debug|Any CPU.ActiveCfg = Debug|Any CPU
		{6B8788AC-1951-44EA-BDA8-F6DC93419FBF}.Debug|Any CPU.Build.0 = Debug|Any CPU
		{6B8788AC-1951-44EA-BDA8-F6DC93419FBF}.Release|Any CPU.ActiveCfg = Release|Any CPU
		{6B8788AC-1951-44EA-BDA8-F6DC93419FBF}.Release|Any CPU.Build.0 = Release|Any CPU
		{93E28DC3-3A6F-4F34-B98D-D33A898375F9}.Debug|Any CPU.ActiveCfg = Debug|Any CPU
		{93E28DC3-3A6F-4F34-B98D-D33A898375F9}.Debug|Any CPU.Build.0 = Debug|Any CPU
		{93E28DC3-3A6F-4F34-B98D-D33A898375F9}.Release|Any CPU.ActiveCfg = Release|Any CPU
		{93E28DC3-3A6F-4F34-B98D-D33A898375F9}.Release|Any CPU.Build.0 = Release|Any CPU
		{7EF90FE7-DD31-4166-A76E-8BFFDF87E574}.Debug|Any CPU.ActiveCfg = Debug|Any CPU
		{7EF90FE7-DD31-4166-A76E-8BFFDF87E574}.Debug|Any CPU.Build.0 = Debug|Any CPU
		{7EF90FE7-DD31-4166-A76E-8BFFDF87E574}.Release|Any CPU.ActiveCfg = Release|Any CPU
		{7EF90FE7-DD31-4166-A76E-8BFFDF87E574}.Release|Any CPU.Build.0 = Release|Any CPU
		{EDC0690E-1E5A-4DF3-9304-C38191959A91}.Debug|Any CPU.ActiveCfg = Debug|Any CPU
		{EDC0690E-1E5A-4DF3-9304-C38191959A91}.Debug|Any CPU.Build.0 = Debug|Any CPU
		{EDC0690E-1E5A-4DF3-9304-C38191959A91}.Release|Any CPU.ActiveCfg = Release|Any CPU
		{EDC0690E-1E5A-4DF3-9304-C38191959A91}.Release|Any CPU.Build.0 = Release|Any CPU
		{087DA89E-CE5D-4E03-8746-92DF1164C052}.Debug|Any CPU.ActiveCfg = Debug|Any CPU
		{087DA89E-CE5D-4E03-8746-92DF1164C052}.Debug|Any CPU.Build.0 = Debug|Any CPU
		{087DA89E-CE5D-4E03-8746-92DF1164C052}.Release|Any CPU.ActiveCfg = Release|Any CPU
		{087DA89E-CE5D-4E03-8746-92DF1164C052}.Release|Any CPU.Build.0 = Release|Any CPU
		{F6E044FB-3EFD-4E84-88D6-72D499083B83}.Debug|Any CPU.ActiveCfg = Debug|Any CPU
		{F6E044FB-3EFD-4E84-88D6-72D499083B83}.Debug|Any CPU.Build.0 = Debug|Any CPU
		{F6E044FB-3EFD-4E84-88D6-72D499083B83}.Release|Any CPU.ActiveCfg = Release|Any CPU
		{F6E044FB-3EFD-4E84-88D6-72D499083B83}.Release|Any CPU.Build.0 = Release|Any CPU
		{627AAB3E-9D19-4141-B364-4B1F6E67DE98}.Debug|Any CPU.ActiveCfg = Debug|Any CPU
		{627AAB3E-9D19-4141-B364-4B1F6E67DE98}.Debug|Any CPU.Build.0 = Debug|Any CPU
		{627AAB3E-9D19-4141-B364-4B1F6E67DE98}.Release|Any CPU.ActiveCfg = Release|Any CPU
		{627AAB3E-9D19-4141-B364-4B1F6E67DE98}.Release|Any CPU.Build.0 = Release|Any CPU
		{C1D68886-4983-488D-84B1-06557476C124}.Debug|Any CPU.ActiveCfg = Debug|Any CPU
		{C1D68886-4983-488D-84B1-06557476C124}.Debug|Any CPU.Build.0 = Debug|Any CPU
		{C1D68886-4983-488D-84B1-06557476C124}.Release|Any CPU.ActiveCfg = Release|Any CPU
		{C1D68886-4983-488D-84B1-06557476C124}.Release|Any CPU.Build.0 = Release|Any CPU
		{A8782166-78B8-4A4C-9D58-77891B0672A6}.Debug|Any CPU.ActiveCfg = Debug|Any CPU
		{A8782166-78B8-4A4C-9D58-77891B0672A6}.Debug|Any CPU.Build.0 = Debug|Any CPU
		{A8782166-78B8-4A4C-9D58-77891B0672A6}.Release|Any CPU.ActiveCfg = Release|Any CPU
		{A8782166-78B8-4A4C-9D58-77891B0672A6}.Release|Any CPU.Build.0 = Release|Any CPU
		{03279070-736D-469B-B4DF-2C3341EC9B07}.Debug|Any CPU.ActiveCfg = Debug|Any CPU
		{03279070-736D-469B-B4DF-2C3341EC9B07}.Debug|Any CPU.Build.0 = Debug|Any CPU
		{03279070-736D-469B-B4DF-2C3341EC9B07}.Release|Any CPU.ActiveCfg = Release|Any CPU
		{03279070-736D-469B-B4DF-2C3341EC9B07}.Release|Any CPU.Build.0 = Release|Any CPU
		{A729F155-3832-4878-9427-49EA6DD721A2}.Debug|Any CPU.ActiveCfg = Debug|Any CPU
		{A729F155-3832-4878-9427-49EA6DD721A2}.Debug|Any CPU.Build.0 = Debug|Any CPU
		{A729F155-3832-4878-9427-49EA6DD721A2}.Release|Any CPU.ActiveCfg = Release|Any CPU
		{A729F155-3832-4878-9427-49EA6DD721A2}.Release|Any CPU.Build.0 = Release|Any CPU
		{26B2D0CD-66F6-4AD4-A110-782C46444BD9}.Debug|Any CPU.ActiveCfg = Debug|Any CPU
		{26B2D0CD-66F6-4AD4-A110-782C46444BD9}.Debug|Any CPU.Build.0 = Debug|Any CPU
		{26B2D0CD-66F6-4AD4-A110-782C46444BD9}.Release|Any CPU.ActiveCfg = Release|Any CPU
		{26B2D0CD-66F6-4AD4-A110-782C46444BD9}.Release|Any CPU.Build.0 = Release|Any CPU
		{49F68D0A-1C53-4BEF-8F34-12824C27F700}.Debug|Any CPU.ActiveCfg = Debug|Any CPU
		{49F68D0A-1C53-4BEF-8F34-12824C27F700}.Debug|Any CPU.Build.0 = Debug|Any CPU
		{49F68D0A-1C53-4BEF-8F34-12824C27F700}.Release|Any CPU.ActiveCfg = Release|Any CPU
		{49F68D0A-1C53-4BEF-8F34-12824C27F700}.Release|Any CPU.Build.0 = Release|Any CPU
		{979FB69B-2A4B-432A-82F5-9DE04FAD3A24}.Debug|Any CPU.ActiveCfg = Debug|Any CPU
		{979FB69B-2A4B-432A-82F5-9DE04FAD3A24}.Debug|Any CPU.Build.0 = Debug|Any CPU
		{979FB69B-2A4B-432A-82F5-9DE04FAD3A24}.Release|Any CPU.ActiveCfg = Release|Any CPU
		{979FB69B-2A4B-432A-82F5-9DE04FAD3A24}.Release|Any CPU.Build.0 = Release|Any CPU
		{E4C2ED5B-90CD-4FAD-B638-D1D2B9328190}.Debug|Any CPU.ActiveCfg = Debug|Any CPU
		{E4C2ED5B-90CD-4FAD-B638-D1D2B9328190}.Debug|Any CPU.Build.0 = Debug|Any CPU
		{E4C2ED5B-90CD-4FAD-B638-D1D2B9328190}.Release|Any CPU.ActiveCfg = Release|Any CPU
		{E4C2ED5B-90CD-4FAD-B638-D1D2B9328190}.Release|Any CPU.Build.0 = Release|Any CPU
		{C10B290C-A0CB-4982-9C71-FA090B7D7AF1}.Debug|Any CPU.ActiveCfg = Debug|Any CPU
		{C10B290C-A0CB-4982-9C71-FA090B7D7AF1}.Debug|Any CPU.Build.0 = Debug|Any CPU
		{C10B290C-A0CB-4982-9C71-FA090B7D7AF1}.Release|Any CPU.ActiveCfg = Release|Any CPU
		{C10B290C-A0CB-4982-9C71-FA090B7D7AF1}.Release|Any CPU.Build.0 = Release|Any CPU
		{A8B72000-1172-420A-846E-BEB026966150}.Debug|Any CPU.ActiveCfg = Debug|Any CPU
		{A8B72000-1172-420A-846E-BEB026966150}.Debug|Any CPU.Build.0 = Debug|Any CPU
		{A8B72000-1172-420A-846E-BEB026966150}.Release|Any CPU.ActiveCfg = Release|Any CPU
		{A8B72000-1172-420A-846E-BEB026966150}.Release|Any CPU.Build.0 = Release|Any CPU
		{27F4BB86-5109-4D56-AC70-368616D5E305}.Debug|Any CPU.ActiveCfg = Debug|Any CPU
		{27F4BB86-5109-4D56-AC70-368616D5E305}.Debug|Any CPU.Build.0 = Debug|Any CPU
		{27F4BB86-5109-4D56-AC70-368616D5E305}.Release|Any CPU.ActiveCfg = Release|Any CPU
		{27F4BB86-5109-4D56-AC70-368616D5E305}.Release|Any CPU.Build.0 = Release|Any CPU
		{1188298C-881E-4638-AF16-9BC2A3805D6D}.Debug|Any CPU.ActiveCfg = Debug|Any CPU
		{1188298C-881E-4638-AF16-9BC2A3805D6D}.Debug|Any CPU.Build.0 = Debug|Any CPU
		{1188298C-881E-4638-AF16-9BC2A3805D6D}.Release|Any CPU.ActiveCfg = Release|Any CPU
		{1188298C-881E-4638-AF16-9BC2A3805D6D}.Release|Any CPU.Build.0 = Release|Any CPU
		{F8E13E44-B79F-4150-811E-BC9325C7A51F}.Debug|Any CPU.ActiveCfg = Debug|Any CPU
		{F8E13E44-B79F-4150-811E-BC9325C7A51F}.Debug|Any CPU.Build.0 = Debug|Any CPU
		{F8E13E44-B79F-4150-811E-BC9325C7A51F}.Release|Any CPU.ActiveCfg = Release|Any CPU
		{F8E13E44-B79F-4150-811E-BC9325C7A51F}.Release|Any CPU.Build.0 = Release|Any CPU
		{6D372158-978F-492E-BE78-DF060EA62697}.Debug|Any CPU.ActiveCfg = Debug|Any CPU
		{6D372158-978F-492E-BE78-DF060EA62697}.Debug|Any CPU.Build.0 = Debug|Any CPU
		{6D372158-978F-492E-BE78-DF060EA62697}.Release|Any CPU.ActiveCfg = Release|Any CPU
		{6D372158-978F-492E-BE78-DF060EA62697}.Release|Any CPU.Build.0 = Release|Any CPU
		{54BFADA2-3D7D-4391-881C-EB359ACB9784}.Debug|Any CPU.ActiveCfg = Debug|Any CPU
		{54BFADA2-3D7D-4391-881C-EB359ACB9784}.Debug|Any CPU.Build.0 = Debug|Any CPU
		{54BFADA2-3D7D-4391-881C-EB359ACB9784}.Release|Any CPU.ActiveCfg = Release|Any CPU
		{54BFADA2-3D7D-4391-881C-EB359ACB9784}.Release|Any CPU.Build.0 = Release|Any CPU
		{D2F10B8C-9135-4E2F-897C-537164A6FE24}.Debug|Any CPU.ActiveCfg = Debug|Any CPU
		{D2F10B8C-9135-4E2F-897C-537164A6FE24}.Debug|Any CPU.Build.0 = Debug|Any CPU
		{D2F10B8C-9135-4E2F-897C-537164A6FE24}.Release|Any CPU.ActiveCfg = Release|Any CPU
		{D2F10B8C-9135-4E2F-897C-537164A6FE24}.Release|Any CPU.Build.0 = Release|Any CPU
		{2C37A3F0-BD97-4653-B3F8-B80AABD26150}.Debug|Any CPU.ActiveCfg = Debug|Any CPU
		{2C37A3F0-BD97-4653-B3F8-B80AABD26150}.Debug|Any CPU.Build.0 = Debug|Any CPU
		{2C37A3F0-BD97-4653-B3F8-B80AABD26150}.Release|Any CPU.ActiveCfg = Release|Any CPU
		{2C37A3F0-BD97-4653-B3F8-B80AABD26150}.Release|Any CPU.Build.0 = Release|Any CPU
		{BB416E22-DC35-4681-B857-162972A1A905}.Debug|Any CPU.ActiveCfg = Debug|Any CPU
		{BB416E22-DC35-4681-B857-162972A1A905}.Debug|Any CPU.Build.0 = Debug|Any CPU
		{BB416E22-DC35-4681-B857-162972A1A905}.Release|Any CPU.ActiveCfg = Release|Any CPU
		{BB416E22-DC35-4681-B857-162972A1A905}.Release|Any CPU.Build.0 = Release|Any CPU
		{0F7B48C0-4187-475E-A99E-B2E844EB587E}.Debug|Any CPU.ActiveCfg = Debug|Any CPU
		{0F7B48C0-4187-475E-A99E-B2E844EB587E}.Debug|Any CPU.Build.0 = Debug|Any CPU
		{0F7B48C0-4187-475E-A99E-B2E844EB587E}.Release|Any CPU.ActiveCfg = Release|Any CPU
		{0F7B48C0-4187-475E-A99E-B2E844EB587E}.Release|Any CPU.Build.0 = Release|Any CPU
		{C7399CB6-E88F-45CB-A60F-C23361C7C1E7}.Debug|Any CPU.ActiveCfg = Debug|Any CPU
		{C7399CB6-E88F-45CB-A60F-C23361C7C1E7}.Debug|Any CPU.Build.0 = Debug|Any CPU
		{C7399CB6-E88F-45CB-A60F-C23361C7C1E7}.Release|Any CPU.ActiveCfg = Release|Any CPU
		{C7399CB6-E88F-45CB-A60F-C23361C7C1E7}.Release|Any CPU.Build.0 = Release|Any CPU
		{DF6F8F0B-A6B6-4953-ADAD-BFDA621CBDD0}.Debug|Any CPU.ActiveCfg = Debug|Any CPU
		{DF6F8F0B-A6B6-4953-ADAD-BFDA621CBDD0}.Debug|Any CPU.Build.0 = Debug|Any CPU
		{DF6F8F0B-A6B6-4953-ADAD-BFDA621CBDD0}.Release|Any CPU.ActiveCfg = Release|Any CPU
		{DF6F8F0B-A6B6-4953-ADAD-BFDA621CBDD0}.Release|Any CPU.Build.0 = Release|Any CPU
		{AC399E97-7805-4222-B16F-051411BB3B06}.Debug|Any CPU.ActiveCfg = Debug|Any CPU
		{AC399E97-7805-4222-B16F-051411BB3B06}.Debug|Any CPU.Build.0 = Debug|Any CPU
		{AC399E97-7805-4222-B16F-051411BB3B06}.Release|Any CPU.ActiveCfg = Release|Any CPU
		{AC399E97-7805-4222-B16F-051411BB3B06}.Release|Any CPU.Build.0 = Release|Any CPU
		{B79934AC-1756-45A2-AACC-E2C7679663B2}.Debug|Any CPU.ActiveCfg = Debug|Any CPU
		{B79934AC-1756-45A2-AACC-E2C7679663B2}.Debug|Any CPU.Build.0 = Debug|Any CPU
		{B79934AC-1756-45A2-AACC-E2C7679663B2}.Release|Any CPU.ActiveCfg = Release|Any CPU
		{B79934AC-1756-45A2-AACC-E2C7679663B2}.Release|Any CPU.Build.0 = Release|Any CPU
		{727984AE-5958-499F-8328-A5B27B54C4F9}.Debug|Any CPU.ActiveCfg = Debug|Any CPU
		{727984AE-5958-499F-8328-A5B27B54C4F9}.Debug|Any CPU.Build.0 = Debug|Any CPU
		{727984AE-5958-499F-8328-A5B27B54C4F9}.Release|Any CPU.ActiveCfg = Release|Any CPU
		{727984AE-5958-499F-8328-A5B27B54C4F9}.Release|Any CPU.Build.0 = Release|Any CPU
		{72D619EC-4C49-4E32-A2A9-CA0B4C2E69E3}.Debug|Any CPU.ActiveCfg = Debug|Any CPU
		{72D619EC-4C49-4E32-A2A9-CA0B4C2E69E3}.Debug|Any CPU.Build.0 = Debug|Any CPU
		{72D619EC-4C49-4E32-A2A9-CA0B4C2E69E3}.Release|Any CPU.ActiveCfg = Release|Any CPU
		{72D619EC-4C49-4E32-A2A9-CA0B4C2E69E3}.Release|Any CPU.Build.0 = Release|Any CPU
		{F92AFFFF-1A99-4A1F-B812-CC91C4E72218}.Debug|Any CPU.ActiveCfg = Debug|Any CPU
		{F92AFFFF-1A99-4A1F-B812-CC91C4E72218}.Debug|Any CPU.Build.0 = Debug|Any CPU
		{F92AFFFF-1A99-4A1F-B812-CC91C4E72218}.Release|Any CPU.ActiveCfg = Release|Any CPU
		{F92AFFFF-1A99-4A1F-B812-CC91C4E72218}.Release|Any CPU.Build.0 = Release|Any CPU
		{A7EFB503-9D70-4542-BCDD-8694D351B2C0}.Debug|Any CPU.ActiveCfg = Debug|Any CPU
		{A7EFB503-9D70-4542-BCDD-8694D351B2C0}.Debug|Any CPU.Build.0 = Debug|Any CPU
		{A7EFB503-9D70-4542-BCDD-8694D351B2C0}.Release|Any CPU.ActiveCfg = Release|Any CPU
		{A7EFB503-9D70-4542-BCDD-8694D351B2C0}.Release|Any CPU.Build.0 = Release|Any CPU
		{13C83BC8-DAFB-469F-83C8-5D325BABCBAF}.Debug|Any CPU.ActiveCfg = Debug|Any CPU
		{13C83BC8-DAFB-469F-83C8-5D325BABCBAF}.Debug|Any CPU.Build.0 = Debug|Any CPU
		{13C83BC8-DAFB-469F-83C8-5D325BABCBAF}.Release|Any CPU.ActiveCfg = Release|Any CPU
		{13C83BC8-DAFB-469F-83C8-5D325BABCBAF}.Release|Any CPU.Build.0 = Release|Any CPU
		{D44A1156-59BF-4415-9BEC-00CFC67481F9}.Debug|Any CPU.ActiveCfg = Debug|Any CPU
		{D44A1156-59BF-4415-9BEC-00CFC67481F9}.Debug|Any CPU.Build.0 = Debug|Any CPU
		{D44A1156-59BF-4415-9BEC-00CFC67481F9}.Release|Any CPU.ActiveCfg = Release|Any CPU
		{D44A1156-59BF-4415-9BEC-00CFC67481F9}.Release|Any CPU.Build.0 = Release|Any CPU
		{CD58F020-E4D3-4F26-BF00-C7CF9AB81510}.Debug|Any CPU.ActiveCfg = Debug|Any CPU
		{CD58F020-E4D3-4F26-BF00-C7CF9AB81510}.Debug|Any CPU.Build.0 = Debug|Any CPU
		{CD58F020-E4D3-4F26-BF00-C7CF9AB81510}.Release|Any CPU.ActiveCfg = Release|Any CPU
		{CD58F020-E4D3-4F26-BF00-C7CF9AB81510}.Release|Any CPU.Build.0 = Release|Any CPU
		{01725E37-C4E0-46E2-ADD7-3A98950DC04A}.Debug|Any CPU.ActiveCfg = Debug|Any CPU
		{01725E37-C4E0-46E2-ADD7-3A98950DC04A}.Debug|Any CPU.Build.0 = Debug|Any CPU
		{01725E37-C4E0-46E2-ADD7-3A98950DC04A}.Release|Any CPU.ActiveCfg = Release|Any CPU
		{01725E37-C4E0-46E2-ADD7-3A98950DC04A}.Release|Any CPU.Build.0 = Release|Any CPU
		{D95ACC23-2A07-468A-8CD9-AD271A286751}.Debug|Any CPU.ActiveCfg = Debug|Any CPU
		{D95ACC23-2A07-468A-8CD9-AD271A286751}.Debug|Any CPU.Build.0 = Debug|Any CPU
		{D95ACC23-2A07-468A-8CD9-AD271A286751}.Release|Any CPU.ActiveCfg = Release|Any CPU
		{D95ACC23-2A07-468A-8CD9-AD271A286751}.Release|Any CPU.Build.0 = Release|Any CPU
		{572FB12A-F46B-42DD-B828-AD8B0B6240ED}.Debug|Any CPU.ActiveCfg = Debug|Any CPU
		{572FB12A-F46B-42DD-B828-AD8B0B6240ED}.Debug|Any CPU.Build.0 = Debug|Any CPU
		{572FB12A-F46B-42DD-B828-AD8B0B6240ED}.Release|Any CPU.ActiveCfg = Release|Any CPU
		{572FB12A-F46B-42DD-B828-AD8B0B6240ED}.Release|Any CPU.Build.0 = Release|Any CPU
		{36AD3106-ECC4-4674-88EA-B15FE26B420C}.Debug|Any CPU.ActiveCfg = Debug|Any CPU
		{36AD3106-ECC4-4674-88EA-B15FE26B420C}.Debug|Any CPU.Build.0 = Debug|Any CPU
		{36AD3106-ECC4-4674-88EA-B15FE26B420C}.Release|Any CPU.ActiveCfg = Release|Any CPU
		{36AD3106-ECC4-4674-88EA-B15FE26B420C}.Release|Any CPU.Build.0 = Release|Any CPU
		{3D95F7B9-1802-4540-AE81-440C52252374}.Debug|Any CPU.ActiveCfg = Debug|Any CPU
		{3D95F7B9-1802-4540-AE81-440C52252374}.Debug|Any CPU.Build.0 = Debug|Any CPU
		{3D95F7B9-1802-4540-AE81-440C52252374}.Release|Any CPU.ActiveCfg = Release|Any CPU
		{3D95F7B9-1802-4540-AE81-440C52252374}.Release|Any CPU.Build.0 = Release|Any CPU
		{52F0583A-A4E9-414A-8F30-5AEC954831B6}.Debug|Any CPU.ActiveCfg = Debug|Any CPU
		{52F0583A-A4E9-414A-8F30-5AEC954831B6}.Debug|Any CPU.Build.0 = Debug|Any CPU
		{52F0583A-A4E9-414A-8F30-5AEC954831B6}.Release|Any CPU.ActiveCfg = Release|Any CPU
		{52F0583A-A4E9-414A-8F30-5AEC954831B6}.Release|Any CPU.Build.0 = Release|Any CPU
		{A7C58FFB-33A6-4843-8063-7FAB631EA732}.Debug|Any CPU.ActiveCfg = Debug|Any CPU
		{A7C58FFB-33A6-4843-8063-7FAB631EA732}.Debug|Any CPU.Build.0 = Debug|Any CPU
		{A7C58FFB-33A6-4843-8063-7FAB631EA732}.Release|Any CPU.ActiveCfg = Release|Any CPU
		{A7C58FFB-33A6-4843-8063-7FAB631EA732}.Release|Any CPU.Build.0 = Release|Any CPU
		{B2A4ECCC-BDF0-4CA4-813C-0265D4F1E91F}.Debug|Any CPU.ActiveCfg = Debug|Any CPU
		{B2A4ECCC-BDF0-4CA4-813C-0265D4F1E91F}.Debug|Any CPU.Build.0 = Debug|Any CPU
		{B2A4ECCC-BDF0-4CA4-813C-0265D4F1E91F}.Release|Any CPU.ActiveCfg = Release|Any CPU
		{B2A4ECCC-BDF0-4CA4-813C-0265D4F1E91F}.Release|Any CPU.Build.0 = Release|Any CPU
		{4698C5BC-EB61-4D5C-A6C3-08E1014F2E28}.Debug|Any CPU.ActiveCfg = Debug|Any CPU
		{4698C5BC-EB61-4D5C-A6C3-08E1014F2E28}.Debug|Any CPU.Build.0 = Debug|Any CPU
		{4698C5BC-EB61-4D5C-A6C3-08E1014F2E28}.Release|Any CPU.ActiveCfg = Release|Any CPU
		{4698C5BC-EB61-4D5C-A6C3-08E1014F2E28}.Release|Any CPU.Build.0 = Release|Any CPU
		{40BB432D-433B-4DFE-B17D-5215AA5DC328}.Debug|Any CPU.ActiveCfg = Debug|Any CPU
		{40BB432D-433B-4DFE-B17D-5215AA5DC328}.Debug|Any CPU.Build.0 = Debug|Any CPU
		{40BB432D-433B-4DFE-B17D-5215AA5DC328}.Release|Any CPU.ActiveCfg = Release|Any CPU
		{40BB432D-433B-4DFE-B17D-5215AA5DC328}.Release|Any CPU.Build.0 = Release|Any CPU
		{AEB0AEFF-3AA1-4731-8855-E71B05E17BD9}.Debug|Any CPU.ActiveCfg = Debug|Any CPU
		{AEB0AEFF-3AA1-4731-8855-E71B05E17BD9}.Debug|Any CPU.Build.0 = Debug|Any CPU
		{AEB0AEFF-3AA1-4731-8855-E71B05E17BD9}.Release|Any CPU.ActiveCfg = Release|Any CPU
		{AEB0AEFF-3AA1-4731-8855-E71B05E17BD9}.Release|Any CPU.Build.0 = Release|Any CPU
		{314F6CD3-326B-4F80-990B-AF2F79CC91F6}.Debug|Any CPU.ActiveCfg = Debug|Any CPU
		{314F6CD3-326B-4F80-990B-AF2F79CC91F6}.Debug|Any CPU.Build.0 = Debug|Any CPU
		{314F6CD3-326B-4F80-990B-AF2F79CC91F6}.Release|Any CPU.ActiveCfg = Release|Any CPU
		{314F6CD3-326B-4F80-990B-AF2F79CC91F6}.Release|Any CPU.Build.0 = Release|Any CPU
		{BAB5C038-97F1-4704-8375-3C3DBD7CA128}.Debug|Any CPU.ActiveCfg = Debug|Any CPU
		{BAB5C038-97F1-4704-8375-3C3DBD7CA128}.Debug|Any CPU.Build.0 = Debug|Any CPU
		{BAB5C038-97F1-4704-8375-3C3DBD7CA128}.Release|Any CPU.ActiveCfg = Release|Any CPU
		{BAB5C038-97F1-4704-8375-3C3DBD7CA128}.Release|Any CPU.Build.0 = Release|Any CPU
		{DBE225A1-5E99-468C-B5C7-45DBBAC523C3}.Debug|Any CPU.ActiveCfg = Debug|Any CPU
		{DBE225A1-5E99-468C-B5C7-45DBBAC523C3}.Debug|Any CPU.Build.0 = Debug|Any CPU
		{DBE225A1-5E99-468C-B5C7-45DBBAC523C3}.Release|Any CPU.ActiveCfg = Release|Any CPU
		{DBE225A1-5E99-468C-B5C7-45DBBAC523C3}.Release|Any CPU.Build.0 = Release|Any CPU
		{C32798D9-CCC5-46EB-90C6-C74F312E531F}.Debug|Any CPU.ActiveCfg = Debug|Any CPU
		{C32798D9-CCC5-46EB-90C6-C74F312E531F}.Debug|Any CPU.Build.0 = Debug|Any CPU
		{C32798D9-CCC5-46EB-90C6-C74F312E531F}.Release|Any CPU.ActiveCfg = Release|Any CPU
		{C32798D9-CCC5-46EB-90C6-C74F312E531F}.Release|Any CPU.Build.0 = Release|Any CPU
		{76524A81-C674-4C27-BA7C-E2270E371810}.Debug|Any CPU.ActiveCfg = Debug|Any CPU
		{76524A81-C674-4C27-BA7C-E2270E371810}.Debug|Any CPU.Build.0 = Debug|Any CPU
		{76524A81-C674-4C27-BA7C-E2270E371810}.Release|Any CPU.ActiveCfg = Release|Any CPU
		{76524A81-C674-4C27-BA7C-E2270E371810}.Release|Any CPU.Build.0 = Release|Any CPU
		{7E81FA61-5542-40A0-99E1-F7546DE8B77D}.Debug|Any CPU.ActiveCfg = Debug|Any CPU
		{7E81FA61-5542-40A0-99E1-F7546DE8B77D}.Debug|Any CPU.Build.0 = Debug|Any CPU
		{7E81FA61-5542-40A0-99E1-F7546DE8B77D}.Release|Any CPU.ActiveCfg = Release|Any CPU
		{7E81FA61-5542-40A0-99E1-F7546DE8B77D}.Release|Any CPU.Build.0 = Release|Any CPU
		{9ADEB47D-0AC8-4909-84A5-3D480F85D55F}.Debug|Any CPU.ActiveCfg = Debug|Any CPU
		{9ADEB47D-0AC8-4909-84A5-3D480F85D55F}.Debug|Any CPU.Build.0 = Debug|Any CPU
		{9ADEB47D-0AC8-4909-84A5-3D480F85D55F}.Release|Any CPU.ActiveCfg = Release|Any CPU
		{9ADEB47D-0AC8-4909-84A5-3D480F85D55F}.Release|Any CPU.Build.0 = Release|Any CPU
		{2416990B-A095-42A0-987A-0F91A6ABFF38}.Debug|Any CPU.ActiveCfg = Debug|Any CPU
		{2416990B-A095-42A0-987A-0F91A6ABFF38}.Debug|Any CPU.Build.0 = Debug|Any CPU
		{2416990B-A095-42A0-987A-0F91A6ABFF38}.Release|Any CPU.ActiveCfg = Release|Any CPU
		{2416990B-A095-42A0-987A-0F91A6ABFF38}.Release|Any CPU.Build.0 = Release|Any CPU
		{BD00F8CF-3A41-4F39-9AE5-971E605B98AD}.Debug|Any CPU.ActiveCfg = Debug|Any CPU
		{BD00F8CF-3A41-4F39-9AE5-971E605B98AD}.Debug|Any CPU.Build.0 = Debug|Any CPU
		{BD00F8CF-3A41-4F39-9AE5-971E605B98AD}.Release|Any CPU.ActiveCfg = Release|Any CPU
		{BD00F8CF-3A41-4F39-9AE5-971E605B98AD}.Release|Any CPU.Build.0 = Release|Any CPU
		{D5B6BC92-0E60-4FF7-9C53-B20F82F0991F}.Debug|Any CPU.ActiveCfg = Debug|Any CPU
		{D5B6BC92-0E60-4FF7-9C53-B20F82F0991F}.Debug|Any CPU.Build.0 = Debug|Any CPU
		{D5B6BC92-0E60-4FF7-9C53-B20F82F0991F}.Release|Any CPU.ActiveCfg = Release|Any CPU
		{D5B6BC92-0E60-4FF7-9C53-B20F82F0991F}.Release|Any CPU.Build.0 = Release|Any CPU
		{47FCC440-90EE-4289-B2EE-7CCF3ACD60B2}.Debug|Any CPU.ActiveCfg = Debug|Any CPU
		{47FCC440-90EE-4289-B2EE-7CCF3ACD60B2}.Debug|Any CPU.Build.0 = Debug|Any CPU
		{47FCC440-90EE-4289-B2EE-7CCF3ACD60B2}.Release|Any CPU.ActiveCfg = Release|Any CPU
		{47FCC440-90EE-4289-B2EE-7CCF3ACD60B2}.Release|Any CPU.Build.0 = Release|Any CPU
		{796FCC2D-9E07-46C9-97DA-C3F000272479}.Debug|Any CPU.ActiveCfg = Debug|Any CPU
		{796FCC2D-9E07-46C9-97DA-C3F000272479}.Debug|Any CPU.Build.0 = Debug|Any CPU
		{796FCC2D-9E07-46C9-97DA-C3F000272479}.Release|Any CPU.ActiveCfg = Release|Any CPU
		{796FCC2D-9E07-46C9-97DA-C3F000272479}.Release|Any CPU.Build.0 = Release|Any CPU
		{06C6E937-100B-41B5-BB31-7F82299044B5}.Debug|Any CPU.ActiveCfg = Debug|Any CPU
		{06C6E937-100B-41B5-BB31-7F82299044B5}.Debug|Any CPU.Build.0 = Debug|Any CPU
		{06C6E937-100B-41B5-BB31-7F82299044B5}.Release|Any CPU.ActiveCfg = Release|Any CPU
		{06C6E937-100B-41B5-BB31-7F82299044B5}.Release|Any CPU.Build.0 = Release|Any CPU
		{936C0A72-BE6D-439A-936E-3012EF45DBC8}.Debug|Any CPU.ActiveCfg = Debug|Any CPU
		{936C0A72-BE6D-439A-936E-3012EF45DBC8}.Debug|Any CPU.Build.0 = Debug|Any CPU
		{936C0A72-BE6D-439A-936E-3012EF45DBC8}.Release|Any CPU.ActiveCfg = Release|Any CPU
		{936C0A72-BE6D-439A-936E-3012EF45DBC8}.Release|Any CPU.Build.0 = Release|Any CPU
		{0947384E-EF9C-4F8E-AD56-B8345BDFC5A0}.Debug|Any CPU.ActiveCfg = Debug|Any CPU
		{0947384E-EF9C-4F8E-AD56-B8345BDFC5A0}.Debug|Any CPU.Build.0 = Debug|Any CPU
		{0947384E-EF9C-4F8E-AD56-B8345BDFC5A0}.Release|Any CPU.ActiveCfg = Release|Any CPU
		{0947384E-EF9C-4F8E-AD56-B8345BDFC5A0}.Release|Any CPU.Build.0 = Release|Any CPU
		{95FA018E-2C87-46CF-A407-06F6B263CD8B}.Debug|Any CPU.ActiveCfg = Debug|Any CPU
		{95FA018E-2C87-46CF-A407-06F6B263CD8B}.Debug|Any CPU.Build.0 = Debug|Any CPU
		{95FA018E-2C87-46CF-A407-06F6B263CD8B}.Release|Any CPU.ActiveCfg = Release|Any CPU
		{95FA018E-2C87-46CF-A407-06F6B263CD8B}.Release|Any CPU.Build.0 = Release|Any CPU
		{B54585AB-5709-4C1D-B959-9653FAF3157F}.Debug|Any CPU.ActiveCfg = Debug|Any CPU
		{B54585AB-5709-4C1D-B959-9653FAF3157F}.Debug|Any CPU.Build.0 = Debug|Any CPU
		{B54585AB-5709-4C1D-B959-9653FAF3157F}.Release|Any CPU.ActiveCfg = Release|Any CPU
		{B54585AB-5709-4C1D-B959-9653FAF3157F}.Release|Any CPU.Build.0 = Release|Any CPU
		{F6A26887-D5BF-49F5-A2AA-EE8AB6A29DCA}.Debug|Any CPU.ActiveCfg = Debug|Any CPU
		{F6A26887-D5BF-49F5-A2AA-EE8AB6A29DCA}.Debug|Any CPU.Build.0 = Debug|Any CPU
		{F6A26887-D5BF-49F5-A2AA-EE8AB6A29DCA}.Release|Any CPU.ActiveCfg = Release|Any CPU
		{F6A26887-D5BF-49F5-A2AA-EE8AB6A29DCA}.Release|Any CPU.Build.0 = Release|Any CPU
		{7247AE3C-5866-455D-A626-ABCFA3CFA665}.Debug|Any CPU.ActiveCfg = Debug|Any CPU
		{7247AE3C-5866-455D-A626-ABCFA3CFA665}.Debug|Any CPU.Build.0 = Debug|Any CPU
		{7247AE3C-5866-455D-A626-ABCFA3CFA665}.Release|Any CPU.ActiveCfg = Release|Any CPU
		{7247AE3C-5866-455D-A626-ABCFA3CFA665}.Release|Any CPU.Build.0 = Release|Any CPU
		{37678766-4662-4B75-B140-992BC647F60F}.Debug|Any CPU.ActiveCfg = Debug|Any CPU
		{37678766-4662-4B75-B140-992BC647F60F}.Debug|Any CPU.Build.0 = Debug|Any CPU
		{37678766-4662-4B75-B140-992BC647F60F}.Release|Any CPU.ActiveCfg = Release|Any CPU
		{37678766-4662-4B75-B140-992BC647F60F}.Release|Any CPU.Build.0 = Release|Any CPU
		{54CBD658-09A5-42A5-8251-E4DC86CC5913}.Debug|Any CPU.ActiveCfg = Debug|Any CPU
		{54CBD658-09A5-42A5-8251-E4DC86CC5913}.Debug|Any CPU.Build.0 = Debug|Any CPU
		{54CBD658-09A5-42A5-8251-E4DC86CC5913}.Release|Any CPU.ActiveCfg = Release|Any CPU
		{54CBD658-09A5-42A5-8251-E4DC86CC5913}.Release|Any CPU.Build.0 = Release|Any CPU
		{99B9E248-F16F-4BE7-939A-CB8C04C09CAB}.Debug|Any CPU.ActiveCfg = Debug|Any CPU
		{99B9E248-F16F-4BE7-939A-CB8C04C09CAB}.Debug|Any CPU.Build.0 = Debug|Any CPU
		{99B9E248-F16F-4BE7-939A-CB8C04C09CAB}.Release|Any CPU.ActiveCfg = Release|Any CPU
		{99B9E248-F16F-4BE7-939A-CB8C04C09CAB}.Release|Any CPU.Build.0 = Release|Any CPU
		{B9CFD23B-2346-4A02-B1D2-C9CE6A8CD80A}.Debug|Any CPU.ActiveCfg = Debug|Any CPU
		{B9CFD23B-2346-4A02-B1D2-C9CE6A8CD80A}.Debug|Any CPU.Build.0 = Debug|Any CPU
		{B9CFD23B-2346-4A02-B1D2-C9CE6A8CD80A}.Release|Any CPU.ActiveCfg = Release|Any CPU
		{B9CFD23B-2346-4A02-B1D2-C9CE6A8CD80A}.Release|Any CPU.Build.0 = Release|Any CPU
		{0079A5BE-38A1-4E4C-AB94-56D28A7CF483}.Debug|Any CPU.ActiveCfg = Debug|Any CPU
		{0079A5BE-38A1-4E4C-AB94-56D28A7CF483}.Debug|Any CPU.Build.0 = Debug|Any CPU
		{0079A5BE-38A1-4E4C-AB94-56D28A7CF483}.Release|Any CPU.ActiveCfg = Release|Any CPU
		{0079A5BE-38A1-4E4C-AB94-56D28A7CF483}.Release|Any CPU.Build.0 = Release|Any CPU
		{AC496F1D-2AD4-4597-823B-66237D3B7F20}.Debug|Any CPU.ActiveCfg = Debug|Any CPU
		{AC496F1D-2AD4-4597-823B-66237D3B7F20}.Debug|Any CPU.Build.0 = Debug|Any CPU
		{AC496F1D-2AD4-4597-823B-66237D3B7F20}.Release|Any CPU.ActiveCfg = Release|Any CPU
		{AC496F1D-2AD4-4597-823B-66237D3B7F20}.Release|Any CPU.Build.0 = Release|Any CPU
		{C07868B4-F1FB-412D-9036-B4F65EAD3AAB}.Debug|Any CPU.ActiveCfg = Debug|Any CPU
		{C07868B4-F1FB-412D-9036-B4F65EAD3AAB}.Debug|Any CPU.Build.0 = Debug|Any CPU
		{C07868B4-F1FB-412D-9036-B4F65EAD3AAB}.Release|Any CPU.ActiveCfg = Release|Any CPU
		{C07868B4-F1FB-412D-9036-B4F65EAD3AAB}.Release|Any CPU.Build.0 = Release|Any CPU
		{73263FC7-8649-4133-BF08-C5FD8183ADAD}.Debug|Any CPU.ActiveCfg = Debug|Any CPU
		{73263FC7-8649-4133-BF08-C5FD8183ADAD}.Debug|Any CPU.Build.0 = Debug|Any CPU
		{73263FC7-8649-4133-BF08-C5FD8183ADAD}.Release|Any CPU.ActiveCfg = Release|Any CPU
		{73263FC7-8649-4133-BF08-C5FD8183ADAD}.Release|Any CPU.Build.0 = Release|Any CPU
		{50E61075-A908-4A65-95C9-D4DC585EFA20}.Debug|Any CPU.ActiveCfg = Debug|Any CPU
		{50E61075-A908-4A65-95C9-D4DC585EFA20}.Debug|Any CPU.Build.0 = Debug|Any CPU
		{50E61075-A908-4A65-95C9-D4DC585EFA20}.Release|Any CPU.ActiveCfg = Release|Any CPU
		{50E61075-A908-4A65-95C9-D4DC585EFA20}.Release|Any CPU.Build.0 = Release|Any CPU
		{E0836BE9-46F8-4D8F-9D55-A849DF29A8EE}.Debug|Any CPU.ActiveCfg = Debug|Any CPU
		{E0836BE9-46F8-4D8F-9D55-A849DF29A8EE}.Debug|Any CPU.Build.0 = Debug|Any CPU
		{E0836BE9-46F8-4D8F-9D55-A849DF29A8EE}.Release|Any CPU.ActiveCfg = Release|Any CPU
		{E0836BE9-46F8-4D8F-9D55-A849DF29A8EE}.Release|Any CPU.Build.0 = Release|Any CPU
		{3BCF86EA-02DE-43CA-92F3-3096D7F4E679}.Debug|Any CPU.ActiveCfg = Debug|Any CPU
		{3BCF86EA-02DE-43CA-92F3-3096D7F4E679}.Debug|Any CPU.Build.0 = Debug|Any CPU
		{3BCF86EA-02DE-43CA-92F3-3096D7F4E679}.Release|Any CPU.ActiveCfg = Release|Any CPU
		{3BCF86EA-02DE-43CA-92F3-3096D7F4E679}.Release|Any CPU.Build.0 = Release|Any CPU
		{17F7A8A1-B904-4C19-A4F4-C433E42C529E}.Debug|Any CPU.ActiveCfg = Debug|Any CPU
		{17F7A8A1-B904-4C19-A4F4-C433E42C529E}.Debug|Any CPU.Build.0 = Debug|Any CPU
		{17F7A8A1-B904-4C19-A4F4-C433E42C529E}.Release|Any CPU.ActiveCfg = Release|Any CPU
		{17F7A8A1-B904-4C19-A4F4-C433E42C529E}.Release|Any CPU.Build.0 = Release|Any CPU
	EndGlobalSection
	GlobalSection(SolutionProperties) = preSolution
		HideSolutionNode = FALSE
	EndGlobalSection
	GlobalSection(ExtensibilityGlobals) = postSolution
		SolutionGuid = {2387C93A-5B64-4B8B-B30E-88B6C8608AE8}
	EndGlobalSection
EndGlobal
